// !$*UTF8*$!
{
	archiveVersion = 1;
	classes = {
	};
	objectVersion = 46;
	objects = {

/* Begin PBXBuildFile section */
		18B3E32C37FD487D998055A5 /* libPods-RecordsTests.a in Frameworks */ = {isa = PBXBuildFile; fileRef = 7BDC85B4F62C44B5A63F9EA4 /* libPods-RecordsTests.a */; };
		A70EC124165BDD7B005B62C4 /* main.m in Sources */ = {isa = PBXBuildFile; fileRef = A74416D31638ED14005C0E78 /* main.m */; };
		A70EC125165BDD7B005B62C4 /* AppDelegate.m in Sources */ = {isa = PBXBuildFile; fileRef = A74416D71638ED14005C0E78 /* AppDelegate.m */; };
		A70EC126165BDD7B005B62C4 /* RecordListViewController.m in Sources */ = {isa = PBXBuildFile; fileRef = A74416DD1638ED14005C0E78 /* RecordListViewController.m */; };
		A70EC127165BDD7B005B62C4 /* RecordViewController.m in Sources */ = {isa = PBXBuildFile; fileRef = A744171916397D8B005C0E78 /* RecordViewController.m */; };
		A70EC128165BDD7B005B62C4 /* Record.m in Sources */ = {isa = PBXBuildFile; fileRef = A74417391639D89F005C0E78 /* Record.m */; };
		A70EC129165BDD7B005B62C4 /* RecordCell.m in Sources */ = {isa = PBXBuildFile; fileRef = A771A3BA163B0DC3003D657D /* RecordCell.m */; };
		A70EC12B165BDD7B005B62C4 /* UIKit.framework in Frameworks */ = {isa = PBXBuildFile; fileRef = A74416C71638ED14005C0E78 /* UIKit.framework */; };
		A70EC12C165BDD7B005B62C4 /* Foundation.framework in Frameworks */ = {isa = PBXBuildFile; fileRef = A74416C91638ED14005C0E78 /* Foundation.framework */; };
		A70EC12D165BDD7B005B62C4 /* CoreGraphics.framework in Frameworks */ = {isa = PBXBuildFile; fileRef = A74416CB1638ED14005C0E78 /* CoreGraphics.framework */; };
		A70EC12F165BDD7B005B62C4 /* InfoPlist.strings in Resources */ = {isa = PBXBuildFile; fileRef = A74416D01638ED14005C0E78 /* InfoPlist.strings */; };
		A70EC130165BDD7B005B62C4 /* MainStoryboard.storyboard in Resources */ = {isa = PBXBuildFile; fileRef = A74416D91638ED14005C0E78 /* MainStoryboard.storyboard */; };
		A70EC13D165BDF62005B62C4 /* RecordsTestController.m in Sources */ = {isa = PBXBuildFile; fileRef = A70EC13C165BDF62005B62C4 /* RecordsTestController.m */; };
		A70EC14B165BE135005B62C4 /* KIFTestScenario+Records.m in Sources */ = {isa = PBXBuildFile; fileRef = A70EC14A165BE135005B62C4 /* KIFTestScenario+Records.m */; };
		A74416C81638ED14005C0E78 /* UIKit.framework in Frameworks */ = {isa = PBXBuildFile; fileRef = A74416C71638ED14005C0E78 /* UIKit.framework */; };
		A74416CA1638ED14005C0E78 /* Foundation.framework in Frameworks */ = {isa = PBXBuildFile; fileRef = A74416C91638ED14005C0E78 /* Foundation.framework */; };
		A74416CC1638ED14005C0E78 /* CoreGraphics.framework in Frameworks */ = {isa = PBXBuildFile; fileRef = A74416CB1638ED14005C0E78 /* CoreGraphics.framework */; };
		A74416D21638ED14005C0E78 /* InfoPlist.strings in Resources */ = {isa = PBXBuildFile; fileRef = A74416D01638ED14005C0E78 /* InfoPlist.strings */; };
		A74416D41638ED14005C0E78 /* main.m in Sources */ = {isa = PBXBuildFile; fileRef = A74416D31638ED14005C0E78 /* main.m */; };
		A74416D81638ED14005C0E78 /* AppDelegate.m in Sources */ = {isa = PBXBuildFile; fileRef = A74416D71638ED14005C0E78 /* AppDelegate.m */; };
		A74416DB1638ED14005C0E78 /* MainStoryboard.storyboard in Resources */ = {isa = PBXBuildFile; fileRef = A74416D91638ED14005C0E78 /* MainStoryboard.storyboard */; };
		A74416DE1638ED14005C0E78 /* RecordListViewController.m in Sources */ = {isa = PBXBuildFile; fileRef = A74416DD1638ED14005C0E78 /* RecordListViewController.m */; };
		A74416E61638ED14005C0E78 /* SenTestingKit.framework in Frameworks */ = {isa = PBXBuildFile; fileRef = A74416E51638ED14005C0E78 /* SenTestingKit.framework */; };
		A74416E71638ED14005C0E78 /* UIKit.framework in Frameworks */ = {isa = PBXBuildFile; fileRef = A74416C71638ED14005C0E78 /* UIKit.framework */; };
		A74416E81638ED14005C0E78 /* Foundation.framework in Frameworks */ = {isa = PBXBuildFile; fileRef = A74416C91638ED14005C0E78 /* Foundation.framework */; };
		A74416F01638ED14005C0E78 /* InfoPlist.strings in Resources */ = {isa = PBXBuildFile; fileRef = A74416EE1638ED14005C0E78 /* InfoPlist.strings */; };
		A74417041638ED37005C0E78 /* BaseTestCase.m in Sources */ = {isa = PBXBuildFile; fileRef = A74416FD1638ED37005C0E78 /* BaseTestCase.m */; };
		A74417051638ED37005C0E78 /* RecordListDelegateAndDataSourceTests.m in Sources */ = {isa = PBXBuildFile; fileRef = A74416FF1638ED37005C0E78 /* RecordListDelegateAndDataSourceTests.m */; };
		A74417071638ED37005C0E78 /* RecordListViewControllerTests.m in Sources */ = {isa = PBXBuildFile; fileRef = A74417031638ED37005C0E78 /* RecordListViewControllerTests.m */; };
		A744171A16397D8B005C0E78 /* RecordViewController.m in Sources */ = {isa = PBXBuildFile; fileRef = A744171916397D8B005C0E78 /* RecordViewController.m */; };
		A744171E163986BC005C0E78 /* RecordViewControllerTests.m in Sources */ = {isa = PBXBuildFile; fileRef = A744171D163986BC005C0E78 /* RecordViewControllerTests.m */; };
		A744173A1639D89F005C0E78 /* Record.m in Sources */ = {isa = PBXBuildFile; fileRef = A74417391639D89F005C0E78 /* Record.m */; };
		A744173D1639D8D4005C0E78 /* RecordSpecs.m in Sources */ = {isa = PBXBuildFile; fileRef = A744173C1639D8D4005C0E78 /* RecordSpecs.m */; };
		A744174D1639DDF3005C0E78 /* RecordListViewControllerSpec.m in Sources */ = {isa = PBXBuildFile; fileRef = A744174C1639DDF3005C0E78 /* RecordListViewControllerSpec.m */; };
		A771A3A2163AE0E6003D657D /* SenTestLog+SpectaLog.m in Sources */ = {isa = PBXBuildFile; fileRef = A771A3A1163AE0E6003D657D /* SenTestLog+SpectaLog.m */; };
		A771A3B4163AFF0C003D657D /* RecordViewControllerSpec.m in Sources */ = {isa = PBXBuildFile; fileRef = A771A3B3163AFF0C003D657D /* RecordViewControllerSpec.m */; };
		A771A3B8163B0959003D657D /* UIWebViewStub.m in Sources */ = {isa = PBXBuildFile; fileRef = A771A3B7163B0959003D657D /* UIWebViewStub.m */; };
		A771A3BB163B0DC3003D657D /* RecordCell.m in Sources */ = {isa = PBXBuildFile; fileRef = A771A3BA163B0DC3003D657D /* RecordCell.m */; };
		A771A3BE163B0E8E003D657D /* RecordCellTests.m in Sources */ = {isa = PBXBuildFile; fileRef = A771A3BD163B0E8E003D657D /* RecordCellTests.m */; };
		A771A3C3163B1462003D657D /* RecordCellSpec.m in Sources */ = {isa = PBXBuildFile; fileRef = A771A3C2163B1462003D657D /* RecordCellSpec.m */; };
		A771A3C8163B1661003D657D /* RecordTests.m in Sources */ = {isa = PBXBuildFile; fileRef = A771A3C7163B1661003D657D /* RecordTests.m */; };
		EA5616BA80164376BDF3C3CD /* libPods-RecordsIntegrationTests.a in Frameworks */ = {isa = PBXBuildFile; fileRef = F46EB2B30A5D4DDEB9E6D9D9 /* libPods-RecordsIntegrationTests.a */; };
/* End PBXBuildFile section */

/* Begin PBXContainerItemProxy section */
		A74416E91638ED14005C0E78 /* PBXContainerItemProxy */ = {
			isa = PBXContainerItemProxy;
			containerPortal = A74416BA1638ED14005C0E78 /* Project object */;
			proxyType = 1;
			remoteGlobalIDString = A74416C21638ED14005C0E78;
			remoteInfo = Records;
		};
		A7564889165BE75400B1C8F4 /* PBXContainerItemProxy */ = {
			isa = PBXContainerItemProxy;
			containerPortal = A74416BA1638ED14005C0E78 /* Project object */;
			proxyType = 1;
			remoteGlobalIDString = A74416C21638ED14005C0E78;
			remoteInfo = Records;
		};
/* End PBXContainerItemProxy section */

/* Begin PBXFileReference section */
		7BDC85B4F62C44B5A63F9EA4 /* libPods-RecordsTests.a */ = {isa = PBXFileReference; explicitFileType = archive.ar; includeInIndex = 0; path = "libPods-RecordsTests.a"; sourceTree = BUILT_PRODUCTS_DIR; };
		81AFEA9205564372B2E59403 /* Pods-RecordsIntegrationTests.xcconfig */ = {isa = PBXFileReference; includeInIndex = 1; lastKnownFileType = text.xcconfig; name = "Pods-RecordsIntegrationTests.xcconfig"; path = "../Pods/Pods-RecordsIntegrationTests.xcconfig"; sourceTree = SOURCE_ROOT; };
		A2D9904EB6254C0296574F8F /* Pods-RecordsTests.xcconfig */ = {isa = PBXFileReference; includeInIndex = 1; lastKnownFileType = text.xcconfig; name = "Pods-RecordsTests.xcconfig"; path = "../Pods/Pods-RecordsTests.xcconfig"; sourceTree = SOURCE_ROOT; };
		A70EC134165BDD7B005B62C4 /* Records (Integration Tests).app */ = {isa = PBXFileReference; explicitFileType = wrapper.application; includeInIndex = 0; path = "Records (Integration Tests).app"; sourceTree = BUILT_PRODUCTS_DIR; };
		A70EC136165BDD7B005B62C4 /* Records copy-Info.plist */ = {isa = PBXFileReference; lastKnownFileType = text.plist.xml; name = "Records copy-Info.plist"; path = "/Users/smn/prog/Records/Records/Records copy-Info.plist"; sourceTree = "<absolute>"; };
		A70EC13B165BDF62005B62C4 /* RecordsTestController.h */ = {isa = PBXFileReference; fileEncoding = 4; lastKnownFileType = sourcecode.c.h; name = RecordsTestController.h; path = RecordsTests/RecordsTestController.h; sourceTree = "<group>"; };
		A70EC13C165BDF62005B62C4 /* RecordsTestController.m */ = {isa = PBXFileReference; fileEncoding = 4; lastKnownFileType = sourcecode.c.objc; name = RecordsTestController.m; path = RecordsTests/RecordsTestController.m; sourceTree = "<group>"; };
		A70EC13E165BDFEE005B62C4 /* libPods-RecordsTests.a */ = {isa = PBXFileReference; includeInIndex = 1; lastKnownFileType = archive.ar; name = "libPods-RecordsTests.a"; path = "../Pods/build/Release-iphoneos/libPods-RecordsTests.a"; sourceTree = "<group>"; };
		A70EC149165BE135005B62C4 /* KIFTestScenario+Records.h */ = {isa = PBXFileReference; fileEncoding = 4; lastKnownFileType = sourcecode.c.h; path = "KIFTestScenario+Records.h"; sourceTree = "<group>"; };
		A70EC14A165BE135005B62C4 /* KIFTestScenario+Records.m */ = {isa = PBXFileReference; fileEncoding = 4; lastKnownFileType = sourcecode.c.objc; path = "KIFTestScenario+Records.m"; sourceTree = "<group>"; };
		A74416C31638ED14005C0E78 /* Records.app */ = {isa = PBXFileReference; explicitFileType = wrapper.application; includeInIndex = 0; path = Records.app; sourceTree = BUILT_PRODUCTS_DIR; };
		A74416C71638ED14005C0E78 /* UIKit.framework */ = {isa = PBXFileReference; includeInIndex = 1; lastKnownFileType = wrapper.framework; name = UIKit.framework; path = System/Library/Frameworks/UIKit.framework; sourceTree = SDKROOT; };
		A74416C91638ED14005C0E78 /* Foundation.framework */ = {isa = PBXFileReference; includeInIndex = 1; lastKnownFileType = wrapper.framework; name = Foundation.framework; path = System/Library/Frameworks/Foundation.framework; sourceTree = SDKROOT; };
		A74416CB1638ED14005C0E78 /* CoreGraphics.framework */ = {isa = PBXFileReference; includeInIndex = 1; lastKnownFileType = wrapper.framework; name = CoreGraphics.framework; path = System/Library/Frameworks/CoreGraphics.framework; sourceTree = SDKROOT; };
		A74416CF1638ED14005C0E78 /* Records-Info.plist */ = {isa = PBXFileReference; lastKnownFileType = text.plist.xml; path = "Records-Info.plist"; sourceTree = "<group>"; };
		A74416D11638ED14005C0E78 /* en */ = {isa = PBXFileReference; lastKnownFileType = text.plist.strings; name = en; path = en.lproj/InfoPlist.strings; sourceTree = "<group>"; };
		A74416D31638ED14005C0E78 /* main.m */ = {isa = PBXFileReference; lastKnownFileType = sourcecode.c.objc; path = main.m; sourceTree = "<group>"; };
		A74416D51638ED14005C0E78 /* Records-Prefix.pch */ = {isa = PBXFileReference; lastKnownFileType = sourcecode.c.h; path = "Records-Prefix.pch"; sourceTree = "<group>"; };
		A74416D61638ED14005C0E78 /* AppDelegate.h */ = {isa = PBXFileReference; lastKnownFileType = sourcecode.c.h; path = AppDelegate.h; sourceTree = "<group>"; };
		A74416D71638ED14005C0E78 /* AppDelegate.m */ = {isa = PBXFileReference; lastKnownFileType = sourcecode.c.objc; path = AppDelegate.m; sourceTree = "<group>"; };
		A74416DA1638ED14005C0E78 /* en */ = {isa = PBXFileReference; lastKnownFileType = file.storyboard; name = en; path = en.lproj/MainStoryboard.storyboard; sourceTree = "<group>"; };
		A74416DC1638ED14005C0E78 /* RecordListViewController.h */ = {isa = PBXFileReference; lastKnownFileType = sourcecode.c.h; path = RecordListViewController.h; sourceTree = "<group>"; };
		A74416DD1638ED14005C0E78 /* RecordListViewController.m */ = {isa = PBXFileReference; lastKnownFileType = sourcecode.c.objc; path = RecordListViewController.m; sourceTree = "<group>"; };
		A74416E41638ED14005C0E78 /* RecordsTests.octest */ = {isa = PBXFileReference; explicitFileType = wrapper.cfbundle; includeInIndex = 0; path = RecordsTests.octest; sourceTree = BUILT_PRODUCTS_DIR; };
		A74416E51638ED14005C0E78 /* SenTestingKit.framework */ = {isa = PBXFileReference; includeInIndex = 1; lastKnownFileType = wrapper.framework; name = SenTestingKit.framework; path = Library/Frameworks/SenTestingKit.framework; sourceTree = DEVELOPER_DIR; };
		A74416ED1638ED14005C0E78 /* RecordsTests-Info.plist */ = {isa = PBXFileReference; lastKnownFileType = text.plist.xml; path = "RecordsTests-Info.plist"; sourceTree = "<group>"; };
		A74416EF1638ED14005C0E78 /* en */ = {isa = PBXFileReference; lastKnownFileType = text.plist.strings; name = en; path = en.lproj/InfoPlist.strings; sourceTree = "<group>"; };
		A74416FC1638ED37005C0E78 /* BaseTestCase.h */ = {isa = PBXFileReference; fileEncoding = 4; lastKnownFileType = sourcecode.c.h; path = BaseTestCase.h; sourceTree = "<group>"; };
		A74416FD1638ED37005C0E78 /* BaseTestCase.m */ = {isa = PBXFileReference; fileEncoding = 4; lastKnownFileType = sourcecode.c.objc; path = BaseTestCase.m; sourceTree = "<group>"; };
		A74416FE1638ED37005C0E78 /* RecordListDelegateAndDataSourceTests.h */ = {isa = PBXFileReference; fileEncoding = 4; lastKnownFileType = sourcecode.c.h; path = RecordListDelegateAndDataSourceTests.h; sourceTree = "<group>"; };
		A74416FF1638ED37005C0E78 /* RecordListDelegateAndDataSourceTests.m */ = {isa = PBXFileReference; fileEncoding = 4; lastKnownFileType = sourcecode.c.objc; path = RecordListDelegateAndDataSourceTests.m; sourceTree = "<group>"; };
		A74417021638ED37005C0E78 /* RecordListViewControllerTests.h */ = {isa = PBXFileReference; fileEncoding = 4; lastKnownFileType = sourcecode.c.h; path = RecordListViewControllerTests.h; sourceTree = "<group>"; };
		A74417031638ED37005C0E78 /* RecordListViewControllerTests.m */ = {isa = PBXFileReference; fileEncoding = 4; lastKnownFileType = sourcecode.c.objc; path = RecordListViewControllerTests.m; sourceTree = "<group>"; };
		A744171816397D8B005C0E78 /* RecordViewController.h */ = {isa = PBXFileReference; fileEncoding = 4; lastKnownFileType = sourcecode.c.h; path = RecordViewController.h; sourceTree = "<group>"; };
		A744171916397D8B005C0E78 /* RecordViewController.m */ = {isa = PBXFileReference; fileEncoding = 4; lastKnownFileType = sourcecode.c.objc; path = RecordViewController.m; sourceTree = "<group>"; };
		A744171C163986BC005C0E78 /* RecordViewControllerTests.h */ = {isa = PBXFileReference; fileEncoding = 4; lastKnownFileType = sourcecode.c.h; path = RecordViewControllerTests.h; sourceTree = "<group>"; };
		A744171D163986BC005C0E78 /* RecordViewControllerTests.m */ = {isa = PBXFileReference; fileEncoding = 4; lastKnownFileType = sourcecode.c.objc; path = RecordViewControllerTests.m; sourceTree = "<group>"; };
		A74417331639D81E005C0E78 /* SpectaTestCase.h */ = {isa = PBXFileReference; fileEncoding = 4; lastKnownFileType = sourcecode.c.h; name = SpectaTestCase.h; path = RecordsTests/SpectaTestCase.h; sourceTree = "<group>"; };
		A74417381639D89F005C0E78 /* Record.h */ = {isa = PBXFileReference; fileEncoding = 4; lastKnownFileType = sourcecode.c.h; path = Record.h; sourceTree = "<group>"; };
		A74417391639D89F005C0E78 /* Record.m */ = {isa = PBXFileReference; fileEncoding = 4; lastKnownFileType = sourcecode.c.objc; path = Record.m; sourceTree = "<group>"; };
		A744173C1639D8D4005C0E78 /* RecordSpecs.m */ = {isa = PBXFileReference; fileEncoding = 4; lastKnownFileType = sourcecode.c.objc; name = RecordSpecs.m; path = RecordsTests/RecordSpecs.m; sourceTree = "<group>"; };
		A744174C1639DDF3005C0E78 /* RecordListViewControllerSpec.m */ = {isa = PBXFileReference; fileEncoding = 4; lastKnownFileType = sourcecode.c.objc; path = RecordListViewControllerSpec.m; sourceTree = "<group>"; };
		A771A3A0163AE0E6003D657D /* SenTestLog+SpectaLog.h */ = {isa = PBXFileReference; fileEncoding = 4; lastKnownFileType = sourcecode.c.h; name = "SenTestLog+SpectaLog.h"; path = "RecordsTests/SenTestLog+SpectaLog.h"; sourceTree = "<group>"; };
		A771A3A1163AE0E6003D657D /* SenTestLog+SpectaLog.m */ = {isa = PBXFileReference; fileEncoding = 4; lastKnownFileType = sourcecode.c.objc; name = "SenTestLog+SpectaLog.m"; path = "RecordsTests/SenTestLog+SpectaLog.m"; sourceTree = "<group>"; };
		A771A3B3163AFF0C003D657D /* RecordViewControllerSpec.m */ = {isa = PBXFileReference; fileEncoding = 4; lastKnownFileType = sourcecode.c.objc; path = RecordViewControllerSpec.m; sourceTree = "<group>"; };
		A771A3B6163B0959003D657D /* UIWebViewStub.h */ = {isa = PBXFileReference; fileEncoding = 4; lastKnownFileType = sourcecode.c.h; name = UIWebViewStub.h; path = RecordsTests/UIWebViewStub.h; sourceTree = "<group>"; };
		A771A3B7163B0959003D657D /* UIWebViewStub.m */ = {isa = PBXFileReference; fileEncoding = 4; lastKnownFileType = sourcecode.c.objc; name = UIWebViewStub.m; path = RecordsTests/UIWebViewStub.m; sourceTree = "<group>"; };
		A771A3B9163B0DC3003D657D /* RecordCell.h */ = {isa = PBXFileReference; fileEncoding = 4; lastKnownFileType = sourcecode.c.h; path = RecordCell.h; sourceTree = "<group>"; };
		A771A3BA163B0DC3003D657D /* RecordCell.m */ = {isa = PBXFileReference; fileEncoding = 4; lastKnownFileType = sourcecode.c.objc; path = RecordCell.m; sourceTree = "<group>"; };
		A771A3BC163B0E8E003D657D /* RecordCellTests.h */ = {isa = PBXFileReference; fileEncoding = 4; lastKnownFileType = sourcecode.c.h; path = RecordCellTests.h; sourceTree = "<group>"; };
		A771A3BD163B0E8E003D657D /* RecordCellTests.m */ = {isa = PBXFileReference; fileEncoding = 4; lastKnownFileType = sourcecode.c.objc; path = RecordCellTests.m; sourceTree = "<group>"; };
		A771A3C2163B1462003D657D /* RecordCellSpec.m */ = {isa = PBXFileReference; fileEncoding = 4; lastKnownFileType = sourcecode.c.objc; path = RecordCellSpec.m; sourceTree = "<group>"; };
		A771A3C6163B1661003D657D /* RecordTests.h */ = {isa = PBXFileReference; fileEncoding = 4; lastKnownFileType = sourcecode.c.h; path = RecordTests.h; sourceTree = "<group>"; };
		A771A3C7163B1661003D657D /* RecordTests.m */ = {isa = PBXFileReference; fileEncoding = 4; lastKnownFileType = sourcecode.c.objc; path = RecordTests.m; sourceTree = "<group>"; };
		C0AE87F13B18442387D2F6FF /* Pods-RecordsTests.xcconfig */ = {isa = PBXFileReference; includeInIndex = 1; lastKnownFileType = text.xcconfig; name = "Pods-RecordsTests.xcconfig"; path = "../Pods/Pods-RecordsTests.xcconfig"; sourceTree = SOURCE_ROOT; };
		F46EB2B30A5D4DDEB9E6D9D9 /* libPods-RecordsIntegrationTests.a */ = {isa = PBXFileReference; explicitFileType = archive.ar; includeInIndex = 0; path = "libPods-RecordsIntegrationTests.a"; sourceTree = BUILT_PRODUCTS_DIR; };
/* End PBXFileReference section */

/* Begin PBXFrameworksBuildPhase section */
		A70EC12A165BDD7B005B62C4 /* Frameworks */ = {
			isa = PBXFrameworksBuildPhase;
			buildActionMask = 2147483647;
			files = (
				A70EC12B165BDD7B005B62C4 /* UIKit.framework in Frameworks */,
				A70EC12C165BDD7B005B62C4 /* Foundation.framework in Frameworks */,
				A70EC12D165BDD7B005B62C4 /* CoreGraphics.framework in Frameworks */,
				EA5616BA80164376BDF3C3CD /* libPods-RecordsIntegrationTests.a in Frameworks */,
			);
			runOnlyForDeploymentPostprocessing = 0;
		};
		A74416C01638ED14005C0E78 /* Frameworks */ = {
			isa = PBXFrameworksBuildPhase;
			buildActionMask = 2147483647;
			files = (
				A74416C81638ED14005C0E78 /* UIKit.framework in Frameworks */,
				A74416CA1638ED14005C0E78 /* Foundation.framework in Frameworks */,
				A74416CC1638ED14005C0E78 /* CoreGraphics.framework in Frameworks */,
			);
			runOnlyForDeploymentPostprocessing = 0;
		};
		A74416E01638ED14005C0E78 /* Frameworks */ = {
			isa = PBXFrameworksBuildPhase;
			buildActionMask = 2147483647;
			files = (
				A74416E61638ED14005C0E78 /* SenTestingKit.framework in Frameworks */,
				A74416E71638ED14005C0E78 /* UIKit.framework in Frameworks */,
				A74416E81638ED14005C0E78 /* Foundation.framework in Frameworks */,
				18B3E32C37FD487D998055A5 /* libPods-RecordsTests.a in Frameworks */,
			);
			runOnlyForDeploymentPostprocessing = 0;
		};
/* End PBXFrameworksBuildPhase section */

/* Begin PBXGroup section */
		A70EC13A165BDEF3005B62C4 /* RecordsIntegrationTests */ = {
			isa = PBXGroup;
			children = (
				A70EC13B165BDF62005B62C4 /* RecordsTestController.h */,
				A70EC13C165BDF62005B62C4 /* RecordsTestController.m */,
				A70EC149165BE135005B62C4 /* KIFTestScenario+Records.h */,
				A70EC14A165BE135005B62C4 /* KIFTestScenario+Records.m */,
			);
			name = RecordsIntegrationTests;
			sourceTree = "<group>";
		};
		A74416B81638ED13005C0E78 = {
			isa = PBXGroup;
			children = (
				A74416CD1638ED14005C0E78 /* Records */,
				A74416EB1638ED14005C0E78 /* RecordsTests */,
				A771A3C4163B15CB003D657D /* RecordSpecs */,
				A70EC13A165BDEF3005B62C4 /* RecordsIntegrationTests */,
				A771A3C5163B1608003D657D /* Stubs */,
				A74416C61638ED14005C0E78 /* Frameworks */,
				A74416C41638ED14005C0E78 /* Products */,
				A2D9904EB6254C0296574F8F /* Pods-RecordsTests.xcconfig */,
				A70EC136165BDD7B005B62C4 /* Records copy-Info.plist */,
				81AFEA9205564372B2E59403 /* Pods-RecordsIntegrationTests.xcconfig */,
				C0AE87F13B18442387D2F6FF /* Pods-RecordsTests.xcconfig */,
			);
			sourceTree = "<group>";
		};
		A74416C41638ED14005C0E78 /* Products */ = {
			isa = PBXGroup;
			children = (
				A74416C31638ED14005C0E78 /* Records.app */,
				A74416E41638ED14005C0E78 /* RecordsTests.octest */,
				A70EC134165BDD7B005B62C4 /* Records (Integration Tests).app */,
			);
			name = Products;
			sourceTree = "<group>";
		};
		A74416C61638ED14005C0E78 /* Frameworks */ = {
			isa = PBXGroup;
			children = (
				A70EC13E165BDFEE005B62C4 /* libPods-RecordsTests.a */,
				A74416C71638ED14005C0E78 /* UIKit.framework */,
				A74416C91638ED14005C0E78 /* Foundation.framework */,
				A74416CB1638ED14005C0E78 /* CoreGraphics.framework */,
				A74416E51638ED14005C0E78 /* SenTestingKit.framework */,
				F46EB2B30A5D4DDEB9E6D9D9 /* libPods-RecordsIntegrationTests.a */,
				7BDC85B4F62C44B5A63F9EA4 /* libPods-RecordsTests.a */,
			);
			name = Frameworks;
			sourceTree = "<group>";
		};
		A74416CD1638ED14005C0E78 /* Records */ = {
			isa = PBXGroup;
			children = (
				A74416D61638ED14005C0E78 /* AppDelegate.h */,
				A74416D71638ED14005C0E78 /* AppDelegate.m */,
				A74416D91638ED14005C0E78 /* MainStoryboard.storyboard */,
				A74417371639D878005C0E78 /* Record View */,
				A7441717163972DC005C0E78 /* Record List */,
				A74416CE1638ED14005C0E78 /* Supporting Files */,
				A74417381639D89F005C0E78 /* Record.h */,
				A74417391639D89F005C0E78 /* Record.m */,
			);
			path = Records;
			sourceTree = "<group>";
		};
		A74416CE1638ED14005C0E78 /* Supporting Files */ = {
			isa = PBXGroup;
			children = (
				A74416CF1638ED14005C0E78 /* Records-Info.plist */,
				A74416D01638ED14005C0E78 /* InfoPlist.strings */,
				A74416D31638ED14005C0E78 /* main.m */,
				A74416D51638ED14005C0E78 /* Records-Prefix.pch */,
			);
			name = "Supporting Files";
			sourceTree = "<group>";
		};
		A74416EB1638ED14005C0E78 /* RecordsTests */ = {
			isa = PBXGroup;
			children = (
				A74416FC1638ED37005C0E78 /* BaseTestCase.h */,
				A74416FD1638ED37005C0E78 /* BaseTestCase.m */,
				A744171B1639864B005C0E78 /* Record List */,
				A744174A1639DCD4005C0E78 /* Record View */,
				A74416EC1638ED14005C0E78 /* Supporting Files */,
				A771A3C6163B1661003D657D /* RecordTests.h */,
				A771A3C7163B1661003D657D /* RecordTests.m */,
			);
			path = RecordsTests;
			sourceTree = "<group>";
		};
		A74416EC1638ED14005C0E78 /* Supporting Files */ = {
			isa = PBXGroup;
			children = (
				A74416ED1638ED14005C0E78 /* RecordsTests-Info.plist */,
				A74416EE1638ED14005C0E78 /* InfoPlist.strings */,
			);
			name = "Supporting Files";
			sourceTree = "<group>";
		};
		A7441717163972DC005C0E78 /* Record List */ = {
			isa = PBXGroup;
			children = (
				A74416DC1638ED14005C0E78 /* RecordListViewController.h */,
				A74416DD1638ED14005C0E78 /* RecordListViewController.m */,
				A771A3B9163B0DC3003D657D /* RecordCell.h */,
				A771A3BA163B0DC3003D657D /* RecordCell.m */,
			);
			name = "Record List";
			sourceTree = "<group>";
		};
		A744171B1639864B005C0E78 /* Record List */ = {
			isa = PBXGroup;
			children = (
				A74417021638ED37005C0E78 /* RecordListViewControllerTests.h */,
				A74417031638ED37005C0E78 /* RecordListViewControllerTests.m */,
				A74416FE1638ED37005C0E78 /* RecordListDelegateAndDataSourceTests.h */,
				A74416FF1638ED37005C0E78 /* RecordListDelegateAndDataSourceTests.m */,
				A771A3BC163B0E8E003D657D /* RecordCellTests.h */,
				A771A3BD163B0E8E003D657D /* RecordCellTests.m */,
			);
			name = "Record List";
			sourceTree = "<group>";
		};
		A74417371639D878005C0E78 /* Record View */ = {
			isa = PBXGroup;
			children = (
				A744171816397D8B005C0E78 /* RecordViewController.h */,
				A744171916397D8B005C0E78 /* RecordViewController.m */,
			);
			name = "Record View";
			sourceTree = "<group>";
		};
		A744174A1639DCD4005C0E78 /* Record View */ = {
			isa = PBXGroup;
			children = (
				A744171C163986BC005C0E78 /* RecordViewControllerTests.h */,
				A744171D163986BC005C0E78 /* RecordViewControllerTests.m */,
			);
			name = "Record View";
			sourceTree = "<group>";
		};
		A771A3BF163B1431003D657D /* Record List */ = {
			isa = PBXGroup;
			children = (
				A744174C1639DDF3005C0E78 /* RecordListViewControllerSpec.m */,
				A771A3C2163B1462003D657D /* RecordCellSpec.m */,
			);
			name = "Record List";
			path = RecordsTests;
			sourceTree = "<group>";
		};
		A771A3C0163B1443003D657D /* Record View */ = {
			isa = PBXGroup;
			children = (
				A771A3B3163AFF0C003D657D /* RecordViewControllerSpec.m */,
			);
			name = "Record View";
			path = RecordsTests;
			sourceTree = "<group>";
		};
		A771A3C4163B15CB003D657D /* RecordSpecs */ = {
			isa = PBXGroup;
			children = (
				A74417331639D81E005C0E78 /* SpectaTestCase.h */,
				A771A3A0163AE0E6003D657D /* SenTestLog+SpectaLog.h */,
				A771A3A1163AE0E6003D657D /* SenTestLog+SpectaLog.m */,
				A744173C1639D8D4005C0E78 /* RecordSpecs.m */,
				A771A3BF163B1431003D657D /* Record List */,
				A771A3C0163B1443003D657D /* Record View */,
			);
			name = RecordSpecs;
			sourceTree = "<group>";
		};
		A771A3C5163B1608003D657D /* Stubs */ = {
			isa = PBXGroup;
			children = (
				A771A3B6163B0959003D657D /* UIWebViewStub.h */,
				A771A3B7163B0959003D657D /* UIWebViewStub.m */,
			);
			name = Stubs;
			sourceTree = "<group>";
		};
/* End PBXGroup section */

/* Begin PBXNativeTarget section */
		A70EC122165BDD7B005B62C4 /* RecordsIntegrationTests */ = {
			isa = PBXNativeTarget;
			buildConfigurationList = A70EC131165BDD7B005B62C4 /* Build configuration list for PBXNativeTarget "RecordsIntegrationTests" */;
			buildPhases = (
				A70EC123165BDD7B005B62C4 /* Sources */,
				A70EC12A165BDD7B005B62C4 /* Frameworks */,
				A70EC12E165BDD7B005B62C4 /* Resources */,
				C211754D96C14B869CABCF27 /* Copy Pods Resources */,
			);
			buildRules = (
			);
			dependencies = (
				A756488A165BE75400B1C8F4 /* PBXTargetDependency */,
			);
			name = RecordsIntegrationTests;
			productName = Records;
			productReference = A70EC134165BDD7B005B62C4 /* Records (Integration Tests).app */;
			productType = "com.apple.product-type.application";
		};
		A74416C21638ED14005C0E78 /* Records */ = {
			isa = PBXNativeTarget;
			buildConfigurationList = A74416F61638ED14005C0E78 /* Build configuration list for PBXNativeTarget "Records" */;
			buildPhases = (
				A74416BF1638ED14005C0E78 /* Sources */,
				A74416C01638ED14005C0E78 /* Frameworks */,
				A74416C11638ED14005C0E78 /* Resources */,
			);
			buildRules = (
			);
			dependencies = (
			);
			name = Records;
			productName = Records;
			productReference = A74416C31638ED14005C0E78 /* Records.app */;
			productType = "com.apple.product-type.application";
		};
		A74416E31638ED14005C0E78 /* RecordsTests */ = {
			isa = PBXNativeTarget;
			buildConfigurationList = A74416F91638ED14005C0E78 /* Build configuration list for PBXNativeTarget "RecordsTests" */;
			buildPhases = (
				A74416DF1638ED14005C0E78 /* Sources */,
				A74416E01638ED14005C0E78 /* Frameworks */,
				A74416E11638ED14005C0E78 /* Resources */,
				A74416E21638ED14005C0E78 /* ShellScript */,
				3C90BC15B9CB4B77922514C3 /* Copy Pods Resources */,
				AF3449A6793E4C669A1CA87C /* Copy Pods Resources */,
			);
			buildRules = (
			);
			dependencies = (
				A74416EA1638ED14005C0E78 /* PBXTargetDependency */,
			);
			name = RecordsTests;
			productName = RecordsTests;
			productReference = A74416E41638ED14005C0E78 /* RecordsTests.octest */;
			productType = "com.apple.product-type.bundle";
		};
/* End PBXNativeTarget section */

/* Begin PBXProject section */
		A74416BA1638ED14005C0E78 /* Project object */ = {
			isa = PBXProject;
			attributes = {
				LastUpgradeCheck = 0440;
				ORGANIZATIONNAME = smn;
			};
			buildConfigurationList = A74416BD1638ED14005C0E78 /* Build configuration list for PBXProject "Records" */;
			compatibilityVersion = "Xcode 3.2";
			developmentRegion = English;
			hasScannedForEncodings = 0;
			knownRegions = (
				en,
			);
			mainGroup = A74416B81638ED13005C0E78;
			productRefGroup = A74416C41638ED14005C0E78 /* Products */;
			projectDirPath = "";
			projectRoot = "";
			targets = (
				A74416C21638ED14005C0E78 /* Records */,
				A74416E31638ED14005C0E78 /* RecordsTests */,
				A70EC122165BDD7B005B62C4 /* RecordsIntegrationTests */,
			);
		};
/* End PBXProject section */

/* Begin PBXResourcesBuildPhase section */
		A70EC12E165BDD7B005B62C4 /* Resources */ = {
			isa = PBXResourcesBuildPhase;
			buildActionMask = 2147483647;
			files = (
				A70EC12F165BDD7B005B62C4 /* InfoPlist.strings in Resources */,
				A70EC130165BDD7B005B62C4 /* MainStoryboard.storyboard in Resources */,
			);
			runOnlyForDeploymentPostprocessing = 0;
		};
		A74416C11638ED14005C0E78 /* Resources */ = {
			isa = PBXResourcesBuildPhase;
			buildActionMask = 2147483647;
			files = (
				A74416D21638ED14005C0E78 /* InfoPlist.strings in Resources */,
				A74416DB1638ED14005C0E78 /* MainStoryboard.storyboard in Resources */,
			);
			runOnlyForDeploymentPostprocessing = 0;
		};
		A74416E11638ED14005C0E78 /* Resources */ = {
			isa = PBXResourcesBuildPhase;
			buildActionMask = 2147483647;
			files = (
				A74416F01638ED14005C0E78 /* InfoPlist.strings in Resources */,
			);
			runOnlyForDeploymentPostprocessing = 0;
		};
/* End PBXResourcesBuildPhase section */

/* Begin PBXShellScriptBuildPhase section */
		3C90BC15B9CB4B77922514C3 /* Copy Pods Resources */ = {
			isa = PBXShellScriptBuildPhase;
			buildActionMask = 2147483647;
			files = (
			);
			inputPaths = (
			);
			name = "Copy Pods Resources";
			outputPaths = (
			);
			runOnlyForDeploymentPostprocessing = 0;
			shellPath = /bin/sh;
			shellScript = "\"${SRCROOT}/../Pods/Pods-RecordsTests-resources.sh\"\n";
		};
		A74416E21638ED14005C0E78 /* ShellScript */ = {
			isa = PBXShellScriptBuildPhase;
			buildActionMask = 2147483647;
			files = (
			);
			inputPaths = (
			);
			outputPaths = (
			);
			runOnlyForDeploymentPostprocessing = 0;
			shellPath = /bin/sh;
			shellScript = "# Run the unit tests in this test bundle.\n\"${SYSTEM_DEVELOPER_DIR}/Tools/RunUnitTests\"\n";
		};
		AF3449A6793E4C669A1CA87C /* Copy Pods Resources */ = {
			isa = PBXShellScriptBuildPhase;
			buildActionMask = 2147483647;
			files = (
			);
			inputPaths = (
			);
			name = "Copy Pods Resources";
			outputPaths = (
			);
			runOnlyForDeploymentPostprocessing = 0;
			shellPath = /bin/sh;
			shellScript = "\"${SRCROOT}/../Pods/Pods-RecordsTests-resources.sh\"\n";
		};
		C211754D96C14B869CABCF27 /* Copy Pods Resources */ = {
			isa = PBXShellScriptBuildPhase;
			buildActionMask = 2147483647;
			files = (
			);
			inputPaths = (
			);
			name = "Copy Pods Resources";
			outputPaths = (
			);
			runOnlyForDeploymentPostprocessing = 0;
			shellPath = /bin/sh;
			shellScript = "\"${SRCROOT}/../Pods/Pods-RecordsIntegrationTests-resources.sh\"\n";
		};
/* End PBXShellScriptBuildPhase section */

/* Begin PBXSourcesBuildPhase section */
		A70EC123165BDD7B005B62C4 /* Sources */ = {
			isa = PBXSourcesBuildPhase;
			buildActionMask = 2147483647;
			files = (
				A70EC124165BDD7B005B62C4 /* main.m in Sources */,
				A70EC125165BDD7B005B62C4 /* AppDelegate.m in Sources */,
				A70EC126165BDD7B005B62C4 /* RecordListViewController.m in Sources */,
				A70EC127165BDD7B005B62C4 /* RecordViewController.m in Sources */,
				A70EC128165BDD7B005B62C4 /* Record.m in Sources */,
				A70EC129165BDD7B005B62C4 /* RecordCell.m in Sources */,
				A70EC13D165BDF62005B62C4 /* RecordsTestController.m in Sources */,
				A70EC14B165BE135005B62C4 /* KIFTestScenario+Records.m in Sources */,
			);
			runOnlyForDeploymentPostprocessing = 0;
		};
		A74416BF1638ED14005C0E78 /* Sources */ = {
			isa = PBXSourcesBuildPhase;
			buildActionMask = 2147483647;
			files = (
				A74416D41638ED14005C0E78 /* main.m in Sources */,
				A74416D81638ED14005C0E78 /* AppDelegate.m in Sources */,
				A74416DE1638ED14005C0E78 /* RecordListViewController.m in Sources */,
				A744171A16397D8B005C0E78 /* RecordViewController.m in Sources */,
				A744173A1639D89F005C0E78 /* Record.m in Sources */,
				A771A3BB163B0DC3003D657D /* RecordCell.m in Sources */,
			);
			runOnlyForDeploymentPostprocessing = 0;
		};
		A74416DF1638ED14005C0E78 /* Sources */ = {
			isa = PBXSourcesBuildPhase;
			buildActionMask = 2147483647;
			files = (
				A74417041638ED37005C0E78 /* BaseTestCase.m in Sources */,
				A74417051638ED37005C0E78 /* RecordListDelegateAndDataSourceTests.m in Sources */,
				A74417071638ED37005C0E78 /* RecordListViewControllerTests.m in Sources */,
				A744171E163986BC005C0E78 /* RecordViewControllerTests.m in Sources */,
				A744173D1639D8D4005C0E78 /* RecordSpecs.m in Sources */,
				A744174D1639DDF3005C0E78 /* RecordListViewControllerSpec.m in Sources */,
				A771A3A2163AE0E6003D657D /* SenTestLog+SpectaLog.m in Sources */,
				A771A3B4163AFF0C003D657D /* RecordViewControllerSpec.m in Sources */,
				A771A3B8163B0959003D657D /* UIWebViewStub.m in Sources */,
				A771A3BE163B0E8E003D657D /* RecordCellTests.m in Sources */,
				A771A3C3163B1462003D657D /* RecordCellSpec.m in Sources */,
				A771A3C8163B1661003D657D /* RecordTests.m in Sources */,
			);
			runOnlyForDeploymentPostprocessing = 0;
		};
/* End PBXSourcesBuildPhase section */

/* Begin PBXTargetDependency section */
		A74416EA1638ED14005C0E78 /* PBXTargetDependency */ = {
			isa = PBXTargetDependency;
			target = A74416C21638ED14005C0E78 /* Records */;
			targetProxy = A74416E91638ED14005C0E78 /* PBXContainerItemProxy */;
		};
		A756488A165BE75400B1C8F4 /* PBXTargetDependency */ = {
			isa = PBXTargetDependency;
			target = A74416C21638ED14005C0E78 /* Records */;
			targetProxy = A7564889165BE75400B1C8F4 /* PBXContainerItemProxy */;
		};
/* End PBXTargetDependency section */

/* Begin PBXVariantGroup section */
		A74416D01638ED14005C0E78 /* InfoPlist.strings */ = {
			isa = PBXVariantGroup;
			children = (
				A74416D11638ED14005C0E78 /* en */,
			);
			name = InfoPlist.strings;
			sourceTree = "<group>";
		};
		A74416D91638ED14005C0E78 /* MainStoryboard.storyboard */ = {
			isa = PBXVariantGroup;
			children = (
				A74416DA1638ED14005C0E78 /* en */,
			);
			name = MainStoryboard.storyboard;
			sourceTree = "<group>";
		};
		A74416EE1638ED14005C0E78 /* InfoPlist.strings */ = {
			isa = PBXVariantGroup;
			children = (
				A74416EF1638ED14005C0E78 /* en */,
			);
			name = InfoPlist.strings;
			sourceTree = "<group>";
		};
/* End PBXVariantGroup section */

/* Begin XCBuildConfiguration section */
		A70EC132165BDD7B005B62C4 /* Debug */ = {
			isa = XCBuildConfiguration;
			baseConfigurationReference = 81AFEA9205564372B2E59403 /* Pods-RecordsIntegrationTests.xcconfig */;
			buildSettings = {
				GCC_PRECOMPILE_PREFIX_HEADER = YES;
				GCC_PREFIX_HEADER = "Records/Records-Prefix.pch";
				INFOPLIST_FILE = "Records copy-Info.plist";
				PRODUCT_NAME = "Records (Integration Tests)";
				WRAPPER_EXTENSION = app;
			};
			name = Debug;
		};
		A70EC133165BDD7B005B62C4 /* Release */ = {
			isa = XCBuildConfiguration;
			baseConfigurationReference = 81AFEA9205564372B2E59403 /* Pods-RecordsIntegrationTests.xcconfig */;
			buildSettings = {
				GCC_PRECOMPILE_PREFIX_HEADER = YES;
				GCC_PREFIX_HEADER = "Records/Records-Prefix.pch";
				INFOPLIST_FILE = "Records copy-Info.plist";
				PRODUCT_NAME = "Records (Integration Tests)";
				WRAPPER_EXTENSION = app;
			};
			name = Release;
		};
		A74416F41638ED14005C0E78 /* Debug */ = {
			isa = XCBuildConfiguration;
			buildSettings = {
				ALWAYS_SEARCH_USER_PATHS = NO;
				ARCHS = "$(ARCHS_STANDARD_32_BIT)";
				CLANG_CXX_LANGUAGE_STANDARD = "gnu++0x";
				CLANG_ENABLE_OBJC_ARC = YES;
				CLANG_WARN__DUPLICATE_METHOD_MATCH = YES;
				"CODE_SIGN_IDENTITY[sdk=iphoneos*]" = "iPhone Developer";
				COPY_PHASE_STRIP = NO;
				GCC_C_LANGUAGE_STANDARD = gnu99;
				GCC_DYNAMIC_NO_PIC = NO;
				GCC_OPTIMIZATION_LEVEL = 0;
				GCC_PREPROCESSOR_DEFINITIONS = (
					"DEBUG=1",
					"$(inherited)",
				);
				GCC_SYMBOLS_PRIVATE_EXTERN = NO;
				GCC_VERSION = com.apple.compilers.llvm.clang.1_0;
				GCC_WARN_ABOUT_RETURN_TYPE = YES;
				GCC_WARN_UNINITIALIZED_AUTOS = YES;
				GCC_WARN_UNUSED_VARIABLE = YES;
				IPHONEOS_DEPLOYMENT_TARGET = 5.1;
				SDKROOT = iphoneos;
			};
			name = Debug;
		};
		A74416F51638ED14005C0E78 /* Release */ = {
			isa = XCBuildConfiguration;
			buildSettings = {
				ALWAYS_SEARCH_USER_PATHS = NO;
				ARCHS = "$(ARCHS_STANDARD_32_BIT)";
				CLANG_CXX_LANGUAGE_STANDARD = "gnu++0x";
				CLANG_ENABLE_OBJC_ARC = YES;
				CLANG_WARN__DUPLICATE_METHOD_MATCH = YES;
				"CODE_SIGN_IDENTITY[sdk=iphoneos*]" = "iPhone Developer";
				COPY_PHASE_STRIP = YES;
				GCC_C_LANGUAGE_STANDARD = gnu99;
				GCC_VERSION = com.apple.compilers.llvm.clang.1_0;
				GCC_WARN_ABOUT_RETURN_TYPE = YES;
				GCC_WARN_UNINITIALIZED_AUTOS = YES;
				GCC_WARN_UNUSED_VARIABLE = YES;
				IPHONEOS_DEPLOYMENT_TARGET = 5.1;
				OTHER_CFLAGS = "-DNS_BLOCK_ASSERTIONS=1";
				SDKROOT = iphoneos;
				VALIDATE_PRODUCT = YES;
			};
			name = Release;
		};
		A74416F71638ED14005C0E78 /* Debug */ = {
			isa = XCBuildConfiguration;
			buildSettings = {
				GCC_PRECOMPILE_PREFIX_HEADER = YES;
				GCC_PREFIX_HEADER = "Records/Records-Prefix.pch";
				INFOPLIST_FILE = "Records/Records-Info.plist";
				PRODUCT_NAME = "$(TARGET_NAME)";
				WRAPPER_EXTENSION = app;
			};
			name = Debug;
		};
		A74416F81638ED14005C0E78 /* Release */ = {
			isa = XCBuildConfiguration;
			buildSettings = {
				GCC_PRECOMPILE_PREFIX_HEADER = YES;
				GCC_PREFIX_HEADER = "Records/Records-Prefix.pch";
				INFOPLIST_FILE = "Records/Records-Info.plist";
				PRODUCT_NAME = "$(TARGET_NAME)";
				WRAPPER_EXTENSION = app;
			};
			name = Release;
		};
		A74416FA1638ED14005C0E78 /* Debug */ = {
			isa = XCBuildConfiguration;
			baseConfigurationReference = C0AE87F13B18442387D2F6FF /* Pods-RecordsTests.xcconfig */;
			buildSettings = {
				BUNDLE_LOADER = "$(BUILT_PRODUCTS_DIR)/Records.app/Records";
				FRAMEWORK_SEARCH_PATHS = (
					"\"$(SDKROOT)/Developer/Library/Frameworks\"",
					"\"$(DEVELOPER_LIBRARY_DIR)/Frameworks\"",
				);
				GCC_PRECOMPILE_PREFIX_HEADER = YES;
				GCC_PREFIX_HEADER = "Records/Records-Prefix.pch";
				INFOPLIST_FILE = "RecordsTests/RecordsTests-Info.plist";
				PRODUCT_NAME = "$(TARGET_NAME)";
				TEST_HOST = "$(BUNDLE_LOADER)";
				WRAPPER_EXTENSION = octest;
			};
			name = Debug;
		};
		A74416FB1638ED14005C0E78 /* Release */ = {
			isa = XCBuildConfiguration;
			baseConfigurationReference = C0AE87F13B18442387D2F6FF /* Pods-RecordsTests.xcconfig */;
			buildSettings = {
				BUNDLE_LOADER = "$(BUILT_PRODUCTS_DIR)/Records.app/Records";
				FRAMEWORK_SEARCH_PATHS = (
					"\"$(SDKROOT)/Developer/Library/Frameworks\"",
					"\"$(DEVELOPER_LIBRARY_DIR)/Frameworks\"",
				);
				GCC_PRECOMPILE_PREFIX_HEADER = YES;
				GCC_PREFIX_HEADER = "Records/Records-Prefix.pch";
				INFOPLIST_FILE = "RecordsTests/RecordsTests-Info.plist";
				PRODUCT_NAME = "$(TARGET_NAME)";
				TEST_HOST = "$(BUNDLE_LOADER)";
				WRAPPER_EXTENSION = octest;
			};
			name = Release;
		};
/* End XCBuildConfiguration section */

/* Begin XCConfigurationList section */
		A70EC131165BDD7B005B62C4 /* Build configuration list for PBXNativeTarget "RecordsIntegrationTests" */ = {
			isa = XCConfigurationList;
			buildConfigurations = (
				A70EC132165BDD7B005B62C4 /* Debug */,
				A70EC133165BDD7B005B62C4 /* Release */,
			);
			defaultConfigurationIsVisible = 0;
			defaultConfigurationName = Release;
		};
		A74416BD1638ED14005C0E78 /* Build configuration list for PBXProject "Records" */ = {
			isa = XCConfigurationList;
			buildConfigurations = (
				A74416F41638ED14005C0E78 /* Debug */,
				A74416F51638ED14005C0E78 /* Release */,
			);
			defaultConfigurationIsVisible = 0;
			defaultConfigurationName = Release;
		};
		A74416F61638ED14005C0E78 /* Build configuration list for PBXNativeTarget "Records" */ = {
			isa = XCConfigurationList;
			buildConfigurations = (
				A74416F71638ED14005C0E78 /* Debug */,
				A74416F81638ED14005C0E78 /* Release */,
			);
			defaultConfigurationIsVisible = 0;
			defaultConfigurationName = Release;
		};
		A74416F91638ED14005C0E78 /* Build configuration list for PBXNativeTarget "RecordsTests" */ = {
			isa = XCConfigurationList;
			buildConfigurations = (
				A74416FA1638ED14005C0E78 /* Debug */,
				A74416FB1638ED14005C0E78 /* Release */,
			);
			defaultConfigurationIsVisible = 0;
			defaultConfigurationName = Release;
		};
/* End XCConfigurationList section */
	};
	rootObject = A74416BA1638ED14005C0E78 /* Project object */;
}
